((apheleia :source "elpaca-menu-lock-file" :recipe
           (:package "apheleia" :fetcher github :repo "radian-software/apheleia" :files
                     (:defaults ("scripts" "scripts/formatters")) :source "elpaca-menu-lock-file" :id apheleia :type git
                     :protocol https :inherit t :depth treeless :ref "fa5d35ea43efa753c4dff71bc2acf473fc351e80"))
 (beancount :source "elpaca-menu-lock-file" :recipe
            (:package "beancount" :repo ("https://github.com/beancount/beancount-mode" . "beancount") :tar "0.9.0" :host
                      nongnu :files ("*" (:exclude ".git")) :source "elpaca-menu-lock-file" :id beancount :type git
                      :protocol https :inherit t :depth treeless :ref "8a564f5a26e6245860188ebf71db0262dd78e068"))
 (cape :source "elpaca-menu-lock-file" :recipe
       (:package "cape" :repo "minad/cape" :fetcher github :files
                 ("*.el" "*.el.in" "dir" "*.info" "*.texi" "*.texinfo" "doc/dir" "doc/*.info" "doc/*.texi"
                  "doc/*.texinfo" "lisp/*.el" "docs/dir" "docs/*.info" "docs/*.texi" "docs/*.texinfo"
                  (:exclude ".dir-locals.el" "test.el" "tests.el" "*-test.el" "*-tests.el" "LICENSE" "README*"
                            "*-pkg.el"))
                 :source "elpaca-menu-lock-file" :id cape :type git :protocol https :inherit t :depth treeless :ref
                 "2e15e1909754752f66096dde1b8d639d6eb25f35"))
 (cider :source "elpaca-menu-lock-file" :recipe
        (:package "cider" :fetcher github :repo "clojure-emacs/cider" :files
                  ("lisp/*.el" "bin/*.sh" "*.el" "clojure.sh" "lein.sh" (:exclude ".dir-locals.el")) :old-names (nrepl)
                  :source "elpaca-menu-lock-file" :id cider :type git :protocol https :inherit t :depth treeless :ref
                  "e71110778a002e10a7c9763e0e6618a958d0ddb4"))
 (clojure-mode :source "elpaca-menu-lock-file" :recipe
               (:package "clojure-mode" :repo "clojure-emacs/clojure-mode" :fetcher github :files ("clojure-mode.el")
                         :source "elpaca-menu-lock-file" :id clojure-mode :type git :protocol https :inherit t :depth
                         treeless :ref "c3b039ecf85e343edbc67c5856322654381dbc3e"))
 (clojure-ts-mode :source "elpaca-menu-lock-file" :recipe
                  (:package "clojure-ts-mode" :repo "clojure-emacs/clojure-ts-mode" :fetcher github :files
                            ("*.el" "*.el.in" "dir" "*.info" "*.texi" "*.texinfo" "doc/dir" "doc/*.info" "doc/*.texi"
                             "doc/*.texinfo" "lisp/*.el" "docs/dir" "docs/*.info" "docs/*.texi" "docs/*.texinfo"
                             (:exclude ".dir-locals.el" "test.el" "tests.el" "*-test.el" "*-tests.el" "LICENSE"
                                       "README*" "*-pkg.el"))
                            :source "elpaca-menu-lock-file" :id clojure-ts-mode :type git :protocol https :inherit t
                            :depth treeless :ref "ba6de87b0acb5aa5483f6012611b30f6bf0414f3"))
 (compat :source "elpaca-menu-lock-file" :recipe
         (:package "compat" :repo ("https://github.com/emacs-compat/compat" . "compat") :tar "31.0.0.0" :host gnu :files
                   ("*" (:exclude ".git")) :source "GNU ELPA" :id compat :type git :protocol https :inherit t :depth
                   treeless :ref "b5b48183689b536f72b1214106afeabc465da9d4"))
 (cond-let
   :source "elpaca-menu-lock-file" :recipe
   (:package "cond-let" :fetcher github :repo "tarsius/cond-let" :files
             ("*.el" "*.el.in" "dir" "*.info" "*.texi" "*.texinfo" "doc/dir" "doc/*.info" "doc/*.texi" "doc/*.texinfo"
              "lisp/*.el" "docs/dir" "docs/*.info" "docs/*.texi" "docs/*.texinfo"
              (:exclude ".dir-locals.el" "test.el" "tests.el" "*-test.el" "*-tests.el" "LICENSE" "README*" "*-pkg.el"))
             :source "elpaca-menu-lock-file" :id cond-let :type git :protocol https :inherit t :depth treeless :ref
             "28d3b039a9c1f27ecfea36a7df4c37a3b90e4687"))
 (consult :source "elpaca-menu-lock-file" :recipe
          (:package "consult" :repo "minad/consult" :fetcher github :files
                    ("*.el" "*.el.in" "dir" "*.info" "*.texi" "*.texinfo" "doc/dir" "doc/*.info" "doc/*.texi"
                     "doc/*.texinfo" "lisp/*.el" "docs/dir" "docs/*.info" "docs/*.texi" "docs/*.texinfo"
                     (:exclude ".dir-locals.el" "test.el" "tests.el" "*-test.el" "*-tests.el" "LICENSE" "README*"
                               "*-pkg.el"))
                    :source "elpaca-menu-lock-file" :id consult :type git :protocol https :inherit t :depth treeless
                    :ref "45fdad7b234141ea572267024c8f4b08dd2e1022"))
 (consult-eglot :source "elpaca-menu-lock-file" :recipe
                (:package "consult-eglot" :fetcher github :repo "mohkale/consult-eglot" :files
                          ("*.el" "*.el.in" "dir" "*.info" "*.texi" "*.texinfo" "doc/dir" "doc/*.info" "doc/*.texi"
                           "doc/*.texinfo" "lisp/*.el" "docs/dir" "docs/*.info" "docs/*.texi" "docs/*.texinfo"
                           (:exclude ".dir-locals.el" "test.el" "tests.el" "*-test.el" "*-tests.el" "LICENSE" "README*"
                                     "*-pkg.el"))
                          :source "MELPA" :id consult-eglot :type git :protocol https :inherit t :depth treeless :ref
                          "d8b444aac39edfc6473ffbd228df3e9119451b51"))
 (corfu :source "elpaca-menu-lock-file" :recipe
        (:package "corfu" :repo "minad/corfu" :files (:defaults "extensions/corfu-*.el") :fetcher github :source
                  "elpaca-menu-lock-file" :id corfu :type git :protocol https :inherit t :depth treeless :ref
                  "856171ac98c3aaa629caa011be7cd3a9405e6e0f"))
 (csv-mode :source "elpaca-menu-lock-file" :recipe
           (:package "csv-mode" :repo ("https://github.com/emacsmirror/gnu_elpa" . "csv-mode") :tar "1.27" :host gnu
                     :branch "externals/csv-mode" :files ("*" (:exclude ".git")) :source "GNU ELPA" :id csv-mode :type
                     git :protocol https :inherit t :depth treeless :ref "3a441a41a3b1d61c2a9c9f5f091cb38ba6b45d47"))
 (dash :source "elpaca-menu-lock-file" :recipe
       (:package "dash" :fetcher github :repo "magnars/dash.el" :files ("dash.el" "dash.texi") :source
                 "elpaca-menu-lock-file" :id dash :type git :protocol https :inherit t :depth treeless :ref
                 "d3a84021dbe48dba63b52ef7665651e0cf02e915"))
 (deadgrep :source "elpaca-menu-lock-file" :recipe
           (:package "deadgrep" :repo "Wilfred/deadgrep" :fetcher github :files
                     ("*.el" "*.el.in" "dir" "*.info" "*.texi" "*.texinfo" "doc/dir" "doc/*.info" "doc/*.texi"
                      "doc/*.texinfo" "lisp/*.el" "docs/dir" "docs/*.info" "docs/*.texi" "docs/*.texinfo"
                      (:exclude ".dir-locals.el" "test.el" "tests.el" "*-test.el" "*-tests.el" "LICENSE" "README*"
                                "*-pkg.el"))
                     :source "MELPA" :id deadgrep :type git :protocol https :inherit t :depth treeless :ref
                     "edb1957d0d6033698c6784686b27508034003fa0"))
 (doom-modeline :source "elpaca-menu-lock-file" :recipe
                (:package "doom-modeline" :repo "seagle0128/doom-modeline" :fetcher github :files
                          ("*.el" "*.el.in" "dir" "*.info" "*.texi" "*.texinfo" "doc/dir" "doc/*.info" "doc/*.texi"
                           "doc/*.texinfo" "lisp/*.el" "docs/dir" "docs/*.info" "docs/*.texi" "docs/*.texinfo"
                           (:exclude ".dir-locals.el" "test.el" "tests.el" "*-test.el" "*-tests.el" "LICENSE" "README*"
                                     "*-pkg.el"))
                          :source "MELPA" :id doom-modeline :type git :protocol https :inherit t :depth treeless :ref
                          "871f91fad58aefa9e549cbff1929e0dd328021c7"))
 (elpaca :source
   "elpaca-menu-lock-file" :recipe
   (:source nil :package "elpaca" :id elpaca :repo "https://github.com/progfolio/elpaca.git" :ref
            "9c9477d1154978d77b6eab9fcd68475826604188" :depth 1 :inherit ignore :files
            (:defaults "elpaca-test.el" (:exclude "extensions")) :build (:not elpaca-activate) :type git :protocol https))
 (elpaca-use-package :source "elpaca-menu-lock-file" :recipe
                     (:package "elpaca-use-package" :wait t :repo "https://github.com/progfolio/elpaca.git" :files
                               ("extensions/elpaca-use-package.el") :main "extensions/elpaca-use-package.el" :build
                               (:not elpaca-build-docs) :source "Elpaca extensions" :id elpaca-use-package :type git
                               :protocol https :inherit t :depth treeless :ref
                               "9c9477d1154978d77b6eab9fcd68475826604188"))
 (embark :source "elpaca-menu-lock-file" :recipe
         (:package "embark" :repo "oantolin/embark" :fetcher github :files ("embark.el" "embark-org.el" "embark.texi")
                   :source "MELPA" :id embark :type git :protocol https :inherit t :depth treeless :ref
                   "ec5dd1475595277ef908567d0a18d32f1c40bc91"))
 (embark-consult :source "elpaca-menu-lock-file" :recipe
                 (:package "embark-consult" :repo "oantolin/embark" :fetcher github :files ("embark-consult.el") :source
                           "MELPA" :id embark-consult :type git :protocol https :inherit t :depth treeless :ref
                           "ec5dd1475595277ef908567d0a18d32f1c40bc91"))
 (envrc :source "elpaca-menu-lock-file" :recipe
        (:package "envrc" :fetcher github :repo "purcell/envrc" :files
                  ("*.el" "*.el.in" "dir" "*.info" "*.texi" "*.texinfo" "doc/dir" "doc/*.info" "doc/*.texi"
                   "doc/*.texinfo" "lisp/*.el" "docs/dir" "docs/*.info" "docs/*.texi" "docs/*.texinfo"
                   (:exclude ".dir-locals.el" "test.el" "tests.el" "*-test.el" "*-tests.el" "LICENSE" "README*"
                             "*-pkg.el"))
                  :source "elpaca-menu-lock-file" :id envrc :type git :protocol https :inherit t :depth treeless :ref
                  "60820285aeed4f87969d663a1c14a905c7bb763a"))
 (exec-path-from-shell :source "elpaca-menu-lock-file" :recipe
                       (:package "exec-path-from-shell" :fetcher github :repo "purcell/exec-path-from-shell" :files
                                 ("*.el" "*.el.in" "dir" "*.info" "*.texi" "*.texinfo" "doc/dir" "doc/*.info"
                                  "doc/*.texi" "doc/*.texinfo" "lisp/*.el" "docs/dir" "docs/*.info" "docs/*.texi"
                                  "docs/*.texinfo"
                                  (:exclude ".dir-locals.el" "test.el" "tests.el" "*-test.el" "*-tests.el" "LICENSE"
                                            "README*" "*-pkg.el"))
                                 :source "elpaca-menu-lock-file" :id exec-path-from-shell :type git :protocol https
                                 :inherit t :depth treeless :ref "dae820da35ad46234cbca31626ffb6da7928694a"))
 (f :source "elpaca-menu-lock-file" :recipe
    (:package "f" :fetcher github :repo "rejeep/f.el" :files
              ("*.el" "*.el.in" "dir" "*.info" "*.texi" "*.texinfo" "doc/dir" "doc/*.info" "doc/*.texi" "doc/*.texinfo"
               "lisp/*.el" "docs/dir" "docs/*.info" "docs/*.texi" "docs/*.texinfo"
               (:exclude ".dir-locals.el" "test.el" "tests.el" "*-test.el" "*-tests.el" "LICENSE" "README*" "*-pkg.el"))
              :source "MELPA" :id f :type git :protocol https :inherit t :depth treeless :ref
              "931b6d0667fe03e7bf1c6c282d6d8d7006143c52"))
 (inheritenv :source "elpaca-menu-lock-file" :recipe
             (:package "inheritenv" :fetcher github :repo "purcell/inheritenv" :files
                       ("*.el" "*.el.in" "dir" "*.info" "*.texi" "*.texinfo" "doc/dir" "doc/*.info" "doc/*.texi"
                        "doc/*.texinfo" "lisp/*.el" "docs/dir" "docs/*.info" "docs/*.texi" "docs/*.texinfo"
                        (:exclude ".dir-locals.el" "test.el" "tests.el" "*-test.el" "*-tests.el" "LICENSE" "README*"
                                  "*-pkg.el"))
                       :source "elpaca-menu-lock-file" :id inheritenv :type git :protocol https :inherit t :depth
                       treeless :ref "b9e67cc20c069539698a9ac54d0e6cc11e616c6f"))
 (llama :source "elpaca-menu-lock-file" :recipe
        (:package "llama" :fetcher github :repo "tarsius/llama" :files ("llama.el" ".dir-locals.el") :source
                  "elpaca-menu-lock-file" :id llama :type git :protocol https :inherit t :depth treeless :ref
                  "d430d48e0b5afd2a34b5531f103dcb110c3539c4"))
 (magit :source "elpaca-menu-lock-file" :recipe
        (:package "magit" :fetcher github :repo "magit/magit" :files
                  ("lisp/magit*.el" "lisp/git-*.el" "docs/magit.texi" "docs/AUTHORS.md" "LICENSE" ".dir-locals.el"
                   ("git-hooks" "git-hooks/*") (:exclude "lisp/magit-section.el"))
                  :source "elpaca-menu-lock-file" :id magit :type git :protocol https :inherit t :depth treeless :ref
                  "41d675e9fedb90dba472debb275540858513b7e4"))
 (magit-section :source "elpaca-menu-lock-file" :recipe
                (:package "magit-section" :fetcher github :repo "magit/magit" :files
                          ("lisp/magit-section.el" "docs/magit-section.texi" "magit-section-pkg.el") :source
                          "elpaca-menu-lock-file" :id magit-section :type git :protocol https :inherit t :depth treeless
                          :ref "41d675e9fedb90dba472debb275540858513b7e4"))
 (marginalia :source "elpaca-menu-lock-file" :recipe
             (:package "marginalia" :repo "minad/marginalia" :fetcher github :files
                       ("*.el" "*.el.in" "dir" "*.info" "*.texi" "*.texinfo" "doc/dir" "doc/*.info" "doc/*.texi"
                        "doc/*.texinfo" "lisp/*.el" "docs/dir" "docs/*.info" "docs/*.texi" "docs/*.texinfo"
                        (:exclude ".dir-locals.el" "test.el" "tests.el" "*-test.el" "*-tests.el" "LICENSE" "README*"
                                  "*-pkg.el"))
                       :source "elpaca-menu-lock-file" :id marginalia :type git :protocol https :inherit t :depth
                       treeless :ref "4a0628dfdf944a5d307d31d2a514825cc5386986"))
 (markdown-mode :source "elpaca-menu-lock-file" :recipe
                (:package "markdown-mode" :fetcher github :repo "jrblevin/markdown-mode" :files
                          ("*.el" "*.el.in" "dir" "*.info" "*.texi" "*.texinfo" "doc/dir" "doc/*.info" "doc/*.texi"
                           "doc/*.texinfo" "lisp/*.el" "docs/dir" "docs/*.info" "docs/*.texi" "docs/*.texinfo"
                           (:exclude ".dir-locals.el" "test.el" "tests.el" "*-test.el" "*-tests.el" "LICENSE" "README*"
                                     "*-pkg.el"))
                          :source "elpaca-menu-lock-file" :id markdown-mode :type git :protocol https :inherit t :depth
                          treeless :ref "1f72cefa6a4b759f90e335e4908725a721b17ad9"))
 (multiple-cursors :source "elpaca-menu-lock-file" :recipe
                   (:package "multiple-cursors" :fetcher github :repo "magnars/multiple-cursors.el" :files
                             ("*.el" "*.el.in" "dir" "*.info" "*.texi" "*.texinfo" "doc/dir" "doc/*.info" "doc/*.texi"
                              "doc/*.texinfo" "lisp/*.el" "docs/dir" "docs/*.info" "docs/*.texi" "docs/*.texinfo"
                              (:exclude ".dir-locals.el" "test.el" "tests.el" "*-test.el" "*-tests.el" "LICENSE"
                                        "README*" "*-pkg.el"))
                             :source "elpaca-menu-lock-file" :id multiple-cursors :type git :protocol https :inherit t
                             :depth treeless :ref "94b8b07a4bab87f803123723b68227565429dfa1"))
 (nerd-icons :source "elpaca-menu-lock-file" :recipe
             (:package "nerd-icons" :repo "rainstormstudio/nerd-icons.el" :fetcher github :files (:defaults "data")
                       :source "MELPA" :id nerd-icons :type git :protocol https :inherit t :depth treeless :ref
                       "a5b6899dd529cac195179feb6b32b32379fda22a"))
 (nix-ts-mode :source "elpaca-menu-lock-file" :recipe
              (:package "nix-ts-mode" :fetcher github :repo "nix-community/nix-ts-mode" :files
                        ("*.el" "*.el.in" "dir" "*.info" "*.texi" "*.texinfo" "doc/dir" "doc/*.info" "doc/*.texi"
                         "doc/*.texinfo" "lisp/*.el" "docs/dir" "docs/*.info" "docs/*.texi" "docs/*.texinfo"
                         (:exclude ".dir-locals.el" "test.el" "tests.el" "*-test.el" "*-tests.el" "LICENSE" "README*"
                                   "*-pkg.el"))
                        :source "elpaca-menu-lock-file" :id nix-ts-mode :type git :protocol https :inherit t :depth
                        treeless :ref "50916188784786ed201a8edc70a5264eefb525e3"))
 (orderless :source "elpaca-menu-lock-file" :recipe
            (:package "orderless" :repo "oantolin/orderless" :fetcher github :files
                      ("*.el" "*.el.in" "dir" "*.info" "*.texi" "*.texinfo" "doc/dir" "doc/*.info" "doc/*.texi"
                       "doc/*.texinfo" "lisp/*.el" "docs/dir" "docs/*.info" "docs/*.texi" "docs/*.texinfo"
                       (:exclude ".dir-locals.el" "test.el" "tests.el" "*-test.el" "*-tests.el" "LICENSE" "README*"
                                 "*-pkg.el"))
                      :source "elpaca-menu-lock-file" :id orderless :type git :protocol https :inherit t :depth treeless
                      :ref "3a2a32181f7a5bd7b633e40d89de771a5dd88cc7"))
 (parseclj :source "elpaca-menu-lock-file" :recipe
           (:package "parseclj" :repo "clojure-emacs/parseclj" :fetcher github :files
                     ("*.el" "*.el.in" "dir" "*.info" "*.texi" "*.texinfo" "doc/dir" "doc/*.info" "doc/*.texi"
                      "doc/*.texinfo" "lisp/*.el" "docs/dir" "docs/*.info" "docs/*.texi" "docs/*.texinfo"
                      (:exclude ".dir-locals.el" "test.el" "tests.el" "*-test.el" "*-tests.el" "LICENSE" "README*"
                                "*-pkg.el"))
                     :source "elpaca-menu-lock-file" :id parseclj :type git :protocol https :inherit t :depth treeless
                     :ref "6af22372e0fe14df882dd300b22b12ba2d7e00b0"))
 (parseedn :source "elpaca-menu-lock-file" :recipe
           (:package "parseedn" :repo "clojure-emacs/parseedn" :fetcher github :files
                     ("*.el" "*.el.in" "dir" "*.info" "*.texi" "*.texinfo" "doc/dir" "doc/*.info" "doc/*.texi"
                      "doc/*.texinfo" "lisp/*.el" "docs/dir" "docs/*.info" "docs/*.texi" "docs/*.texinfo"
                      (:exclude ".dir-locals.el" "test.el" "tests.el" "*-test.el" "*-tests.el" "LICENSE" "README*"
                                "*-pkg.el"))
                     :source "elpaca-menu-lock-file" :id parseedn :type git :protocol https :inherit t :depth treeless
                     :ref "3407e4530a367b6c2b857dae261cdbb67a440aaa"))
 (queue :source "elpaca-menu-lock-file" :recipe
        (:package "queue" :repo ("https://github.com/emacsmirror/gnu_elpa" . "queue") :tar "0.2" :host gnu :branch
                  "externals/queue" :files ("*" (:exclude ".git")) :source "elpaca-menu-lock-file" :id queue :type git
                  :protocol https :inherit t :depth treeless :ref "f986fb68e75bdae951efb9e11a3012ab6bd408ee"))
 (s :source "elpaca-menu-lock-file" :recipe
    (:package "s" :fetcher github :repo "magnars/s.el" :files
              ("*.el" "*.el.in" "dir" "*.info" "*.texi" "*.texinfo" "doc/dir" "doc/*.info" "doc/*.texi" "doc/*.texinfo"
               "lisp/*.el" "docs/dir" "docs/*.info" "docs/*.texi" "docs/*.texinfo"
               (:exclude ".dir-locals.el" "test.el" "tests.el" "*-test.el" "*-tests.el" "LICENSE" "README*" "*-pkg.el"))
              :source "MELPA" :id s :type git :protocol https :inherit t :depth treeless :ref
              "dda84d38fffdaf0c9b12837b504b402af910d01d"))
 (sesman :source "elpaca-menu-lock-file" :recipe
         (:package "sesman" :repo "vspinu/sesman" :fetcher github :files
                   ("*.el" "*.el.in" "dir" "*.info" "*.texi" "*.texinfo" "doc/dir" "doc/*.info" "doc/*.texi"
                    "doc/*.texinfo" "lisp/*.el" "docs/dir" "docs/*.info" "docs/*.texi" "docs/*.texinfo"
                    (:exclude ".dir-locals.el" "test.el" "tests.el" "*-test.el" "*-tests.el" "LICENSE" "README*"
                              "*-pkg.el"))
                   :source "elpaca-menu-lock-file" :id sesman :type git :protocol https :inherit t :depth treeless :ref
                   "7bca68dbbab0af26a6a23be1ff5fa97f9a18e022"))
 (shrink-path :source "elpaca-menu-lock-file" :recipe
              (:package "shrink-path" :fetcher gitlab :repo "bennya/shrink-path.el" :files
                        ("*.el" "*.el.in" "dir" "*.info" "*.texi" "*.texinfo" "doc/dir" "doc/*.info" "doc/*.texi"
                         "doc/*.texinfo" "lisp/*.el" "docs/dir" "docs/*.info" "docs/*.texi" "docs/*.texinfo"
                         (:exclude ".dir-locals.el" "test.el" "tests.el" "*-test.el" "*-tests.el" "LICENSE" "README*"
                                   "*-pkg.el"))
                        :source "MELPA" :id shrink-path :type git :protocol https :inherit t :depth treeless :ref
                        "c14882c8599aec79a6e8ef2d06454254bb3e1e41"))
 (smartparens :source "elpaca-menu-lock-file" :recipe
              (:package "smartparens" :fetcher github :repo "Fuco1/smartparens" :files
                        ("*.el" "*.el.in" "dir" "*.info" "*.texi" "*.texinfo" "doc/dir" "doc/*.info" "doc/*.texi"
                         "doc/*.texinfo" "lisp/*.el" "docs/dir" "docs/*.info" "docs/*.texi" "docs/*.texinfo"
                         (:exclude ".dir-locals.el" "test.el" "tests.el" "*-test.el" "*-tests.el" "LICENSE" "README*"
                                   "*-pkg.el"))
                        :source "elpaca-menu-lock-file" :id smartparens :type git :protocol https :inherit t :depth
                        treeless :ref "82d2cf084a19b0c2c3812e0550721f8a61996056"))
 (spinner :source "elpaca-menu-lock-file" :recipe
          (:package "spinner" :repo ("https://github.com/Malabarba/spinner.el" . "spinner") :tar "1.7.4" :host gnu
                    :files ("*" (:exclude ".git")) :source "elpaca-menu-lock-file" :id spinner :type git :protocol https
                    :inherit t :depth treeless :ref "d4647ae87fb0cd24bc9081a3d287c860ff061c21"))
 (transient :source "elpaca-menu-lock-file" :recipe
            (:package "transient" :fetcher github :repo "magit/transient" :files
                      ("*.el" "*.el.in" "dir" "*.info" "*.texi" "*.texinfo" "doc/dir" "doc/*.info" "doc/*.texi"
                       "doc/*.texinfo" "lisp/*.el" "docs/dir" "docs/*.info" "docs/*.texi" "docs/*.texinfo"
                       (:exclude ".dir-locals.el" "test.el" "tests.el" "*-test.el" "*-tests.el" "LICENSE" "README*"
                                 "*-pkg.el"))
                      :source "elpaca-menu-lock-file" :id transient :type git :protocol https :inherit t :depth treeless
                      :ref "6dfe4bb767431c97575f199f2e29e59913605cf1"))
 (treesit-auto :source "elpaca-menu-lock-file" :recipe
               (:package "treesit-auto" :fetcher github :repo "renzmann/treesit-auto" :files
                         ("*.el" "*.el.in" "dir" "*.info" "*.texi" "*.texinfo" "doc/dir" "doc/*.info" "doc/*.texi"
                          "doc/*.texinfo" "lisp/*.el" "docs/dir" "docs/*.info" "docs/*.texi" "docs/*.texinfo"
                          (:exclude ".dir-locals.el" "test.el" "tests.el" "*-test.el" "*-tests.el" "LICENSE" "README*"
                                    "*-pkg.el"))
                         :source "elpaca-menu-lock-file" :id treesit-auto :type git :protocol https :inherit t :depth
                         treeless :ref "31466e4ccfd4f896ce3145c95c4c1f8b59d4bfdf"))
 (undo-fu :source "elpaca-menu-lock-file" :recipe
          (:package "undo-fu" :fetcher codeberg :repo "ideasman42/emacs-undo-fu" :files
                    ("*.el" "*.el.in" "dir" "*.info" "*.texi" "*.texinfo" "doc/dir" "doc/*.info" "doc/*.texi"
                     "doc/*.texinfo" "lisp/*.el" "docs/dir" "docs/*.info" "docs/*.texi" "docs/*.texinfo"
                     (:exclude ".dir-locals.el" "test.el" "tests.el" "*-test.el" "*-tests.el" "LICENSE" "README*"
                               "*-pkg.el"))
                    :source "MELPA" :id undo-fu :type git :protocol https :inherit t :depth treeless :ref
                    "5684ef2aef5f60176472916b21869cf221e018cc"))
 (undo-fu-session :source "elpaca-menu-lock-file" :recipe
                  (:package "undo-fu-session" :fetcher codeberg :repo "ideasman42/emacs-undo-fu-session" :files
                            ("*.el" "*.el.in" "dir" "*.info" "*.texi" "*.texinfo" "doc/dir" "doc/*.info" "doc/*.texi"
                             "doc/*.texinfo" "lisp/*.el" "docs/dir" "docs/*.info" "docs/*.texi" "docs/*.texinfo"
                             (:exclude ".dir-locals.el" "test.el" "tests.el" "*-test.el" "*-tests.el" "LICENSE"
                                       "README*" "*-pkg.el"))
                            :source "MELPA" :id undo-fu-session :type git :protocol https :inherit t :depth treeless
                            :ref "92d733a5b162a70c572fac17b9f9e872426df547"))
 (vertico :source "elpaca-menu-lock-file" :recipe
          (:package "vertico" :repo "minad/vertico" :files (:defaults "extensions/vertico-*.el") :fetcher github :source
                    "elpaca-menu-lock-file" :id vertico :type git :protocol https :inherit t :depth treeless :ref
                    "e4338c5bae2c725be2940726be170bc034af3b6c"))
 (vundo :source "elpaca-menu-lock-file" :recipe
        (:package "vundo" :repo ("https://github.com/casouri/vundo" . "vundo") :tar "2.4.0" :host gnu :files
                  ("*" (:exclude ".git" "test")) :source "GNU ELPA" :id vundo :type git :protocol https :inherit t
                  :depth treeless :ref "e0af8c5845abf884a644215a9cac37f39c13cd5a"))
 (wgrep :source "elpaca-menu-lock-file" :recipe
        (:package "wgrep" :fetcher github :repo "mhayashi1120/Emacs-wgrep" :files ("wgrep.el") :source "MELPA" :id wgrep
                  :type git :protocol https :inherit t :depth treeless :ref "49f09ab9b706d2312cab1199e1eeb1bcd3f27f6f"))
 (with-editor :source "elpaca-menu-lock-file"
   :recipe
   (:package "with-editor" :fetcher github :repo "magit/with-editor" :files
             ("*.el" "*.el.in" "dir" "*.info" "*.texi" "*.texinfo" "doc/dir" "doc/*.info" "doc/*.texi" "doc/*.texinfo"
              "lisp/*.el" "docs/dir" "docs/*.info" "docs/*.texi" "docs/*.texinfo"
              (:exclude ".dir-locals.el" "test.el" "tests.el" "*-test.el" "*-tests.el" "LICENSE" "README*" "*-pkg.el"))
             :source "elpaca-menu-lock-file" :id with-editor :type git :protocol https :inherit t :depth treeless :ref
             "14ea1d98337a47d899ee1860f96b7cbb1ef0e2a0")))
