((cape :source "elpaca-menu-lock-file" :recipe
       (:package "cape" :repo "minad/cape" :fetcher github :files
                 ("*.el" "*.el.in" "dir" "*.info" "*.texi" "*.texinfo"
                  "doc/dir" "doc/*.info" "doc/*.texi" "doc/*.texinfo"
                  "lisp/*.el" "docs/dir" "docs/*.info" "docs/*.texi"
                  "docs/*.texinfo"
                  (:exclude ".dir-locals.el" "test.el" "tests.el"
                            "*-test.el" "*-tests.el" "LICENSE"
                            "README*" "*-pkg.el"))
                 :source "MELPA" :id cape :type git :protocol https
                 :inherit t :depth treeless :ref
                 "2e15e1909754752f66096dde1b8d639d6eb25f35"))
 (cider :source "elpaca-menu-lock-file" :recipe
        (:package "cider" :fetcher github :repo "clojure-emacs/cider"
                  :files
                  ("lisp/*.el" "bin/*.sh" "*.el" "clojure.sh"
                   "lein.sh" (:exclude ".dir-locals.el"))
                  :old-names (nrepl) :source "MELPA" :id cider :type
                  git :protocol https :inherit t :depth treeless :ref
                  "e71110778a002e10a7c9763e0e6618a958d0ddb4"))
 (clj-refactor :source "elpaca-menu-lock-file" :recipe
               (:package "clj-refactor" :fetcher github :repo
                         "clojure-emacs/clj-refactor.el" :files
                         (:defaults "CHANGELOG.md") :source "MELPA"
                         :id clj-refactor :type git :protocol https
                         :inherit t :depth treeless :ref
                         "39c9688c79e1d00965621d04c04fe1ddde4b571f"))
 (clojure-mode :source "elpaca-menu-lock-file" :recipe
               (:package "clojure-mode" :repo
                         "clojure-emacs/clojure-mode" :fetcher github
                         :files ("clojure-mode.el") :source "MELPA"
                         :id clojure-mode :type git :protocol https
                         :inherit t :depth treeless :ref
                         "c3b039ecf85e343edbc67c5856322654381dbc3e"))
 (cond-let
   :source "elpaca-menu-lock-file" :recipe
   (:package "cond-let" :fetcher github :repo "tarsius/cond-let"
             :files
             ("*.el" "*.el.in" "dir" "*.info" "*.texi" "*.texinfo"
              "doc/dir" "doc/*.info" "doc/*.texi" "doc/*.texinfo"
              "lisp/*.el" "docs/dir" "docs/*.info" "docs/*.texi"
              "docs/*.texinfo"
              (:exclude ".dir-locals.el" "test.el" "tests.el"
                        "*-test.el" "*-tests.el" "LICENSE" "README*"
                        "*-pkg.el"))
             :source "MELPA" :id cond-let :type git :protocol https
             :inherit t :depth treeless :ref
             "28d3b039a9c1f27ecfea36a7df4c37a3b90e4687"))
 (consult :source "elpaca-menu-lock-file" :recipe
          (:package "consult" :repo "minad/consult" :fetcher github
                    :files
                    ("*.el" "*.el.in" "dir" "*.info" "*.texi"
                     "*.texinfo" "doc/dir" "doc/*.info" "doc/*.texi"
                     "doc/*.texinfo" "lisp/*.el" "docs/dir"
                     "docs/*.info" "docs/*.texi" "docs/*.texinfo"
                     (:exclude ".dir-locals.el" "test.el" "tests.el"
                               "*-test.el" "*-tests.el" "LICENSE"
                               "README*" "*-pkg.el"))
                    :source "MELPA" :id consult :type git :protocol
                    https :inherit t :depth treeless :ref
                    "45fdad7b234141ea572267024c8f4b08dd2e1022"))
 (corfu :source "elpaca-menu-lock-file" :recipe
        (:package "corfu" :repo "minad/corfu" :files
                  (:defaults "extensions/corfu-*.el") :fetcher github
                  :source "MELPA" :id corfu :type git :protocol https
                  :inherit t :depth treeless :ref
                  "856171ac98c3aaa629caa011be7cd3a9405e6e0f"))
 (dash :source "elpaca-menu-lock-file" :recipe
       (:package "dash" :fetcher github :repo "magnars/dash.el" :files
                 ("dash.el" "dash.texi") :source "MELPA" :id dash
                 :type git :protocol https :inherit t :depth treeless
                 :ref "d3a84021dbe48dba63b52ef7665651e0cf02e915"))
 (elpaca :source
   "elpaca-menu-lock-file" :recipe
   (:source nil :package "elpaca" :id elpaca :repo
            "https://github.com/progfolio/elpaca.git" :ref
            "9c9477d1154978d77b6eab9fcd68475826604188" :depth 1
            :inherit ignore :files
            (:defaults "elpaca-test.el" (:exclude "extensions"))
            :build (:not elpaca-activate) :type git :protocol https))
 (elpaca-use-package :source "elpaca-menu-lock-file" :recipe
                     (:package "elpaca-use-package" :wait t :repo
                               "https://github.com/progfolio/elpaca.git"
                               :files
                               ("extensions/elpaca-use-package.el")
                               :main
                               "extensions/elpaca-use-package.el"
                               :build (:not elpaca-build-docs) :source
                               "Elpaca extensions" :id
                               elpaca-use-package :type git :protocol
                               https :inherit t :depth treeless :ref
                               "9c9477d1154978d77b6eab9fcd68475826604188"))
 (envrc :source "elpaca-menu-lock-file" :recipe
        (:package "envrc" :fetcher github :repo "purcell/envrc" :files
                  ("*.el" "*.el.in" "dir" "*.info" "*.texi"
                   "*.texinfo" "doc/dir" "doc/*.info" "doc/*.texi"
                   "doc/*.texinfo" "lisp/*.el" "docs/dir"
                   "docs/*.info" "docs/*.texi" "docs/*.texinfo"
                   (:exclude ".dir-locals.el" "test.el" "tests.el"
                             "*-test.el" "*-tests.el" "LICENSE"
                             "README*" "*-pkg.el"))
                  :source "MELPA" :id envrc :type git :protocol https
                  :inherit t :depth treeless :ref
                  "60820285aeed4f87969d663a1c14a905c7bb763a"))
 (flycheck :source "elpaca-menu-lock-file" :recipe
           (:package "flycheck" :repo "flycheck/flycheck" :fetcher
                     github :files
                     ("*.el" "*.el.in" "dir" "*.info" "*.texi"
                      "*.texinfo" "doc/dir" "doc/*.info" "doc/*.texi"
                      "doc/*.texinfo" "lisp/*.el" "docs/dir"
                      "docs/*.info" "docs/*.texi" "docs/*.texinfo"
                      (:exclude ".dir-locals.el" "test.el" "tests.el"
                                "*-test.el" "*-tests.el" "LICENSE"
                                "README*" "*-pkg.el"))
                     :source "MELPA" :id flycheck :type git :protocol
                     https :inherit t :depth treeless :ref
                     "0e5eb8300d32fd562724216c19eaf199ee1451ab"))
 (flycheck-clj-kondo :source "elpaca-menu-lock-file" :recipe
                     (:package "flycheck-clj-kondo" :fetcher github
                               :repo "borkdude/flycheck-clj-kondo"
                               :files
                               ("*.el" "*.el.in" "dir" "*.info"
                                "*.texi" "*.texinfo" "doc/dir"
                                "doc/*.info" "doc/*.texi"
                                "doc/*.texinfo" "lisp/*.el" "docs/dir"
                                "docs/*.info" "docs/*.texi"
                                "docs/*.texinfo"
                                (:exclude ".dir-locals.el" "test.el"
                                          "tests.el" "*-test.el"
                                          "*-tests.el" "LICENSE"
                                          "README*" "*-pkg.el"))
                               :source "MELPA" :id flycheck-clj-kondo
                               :type git :protocol https :inherit t
                               :depth treeless :ref
                               "e38c67ba9db1ea1cbe1b61ab39b506c05efdcdbf"))
 (hydra :source "elpaca-menu-lock-file" :recipe
        (:package "hydra" :repo "abo-abo/hydra" :fetcher github :files
                  (:defaults (:exclude "lv.el")) :source "MELPA" :id
                  hydra :type git :protocol https :inherit t :depth
                  treeless :ref
                  "59a2a45a35027948476d1d7751b0f0215b1e61aa"))
 (inflections :source "elpaca-menu-lock-file" :recipe
              (:package "inflections" :repo "eschulte/jump.el"
                        :fetcher github :files ("inflections.el")
                        :source "MELPA" :id inflections :type git
                        :protocol https :inherit t :depth treeless
                        :ref
                        "55caa66a7cc6e0b1a76143fd40eff38416928941"))
 (inheritenv :source "elpaca-menu-lock-file" :recipe
             (:package "inheritenv" :fetcher github :repo
                       "purcell/inheritenv" :files
                       ("*.el" "*.el.in" "dir" "*.info" "*.texi"
                        "*.texinfo" "doc/dir" "doc/*.info"
                        "doc/*.texi" "doc/*.texinfo" "lisp/*.el"
                        "docs/dir" "docs/*.info" "docs/*.texi"
                        "docs/*.texinfo"
                        (:exclude ".dir-locals.el" "test.el"
                                  "tests.el" "*-test.el" "*-tests.el"
                                  "LICENSE" "README*" "*-pkg.el"))
                       :source "MELPA" :id inheritenv :type git
                       :protocol https :inherit t :depth treeless :ref
                       "b9e67cc20c069539698a9ac54d0e6cc11e616c6f"))
 (llama :source "elpaca-menu-lock-file" :recipe
        (:package "llama" :fetcher github :repo "tarsius/llama" :files
                  ("llama.el" ".dir-locals.el") :source "MELPA" :id
                  llama :type git :protocol https :inherit t :depth
                  treeless :ref
                  "d430d48e0b5afd2a34b5531f103dcb110c3539c4"))
 (lv :source "elpaca-menu-lock-file" :recipe
     (:package "lv" :repo "abo-abo/hydra" :fetcher github :files
               ("lv.el") :source "MELPA" :id lv :type git :protocol
               https :inherit t :depth treeless :ref
               "59a2a45a35027948476d1d7751b0f0215b1e61aa"))
 (magit :source "elpaca-menu-lock-file" :recipe
        (:package "magit" :fetcher github :repo "magit/magit" :files
                  ("lisp/magit*.el" "lisp/git-*.el" "docs/magit.texi"
                   "docs/AUTHORS.md" "LICENSE" ".dir-locals.el"
                   ("git-hooks" "git-hooks/*")
                   (:exclude "lisp/magit-section.el"))
                  :source "MELPA" :id magit :type git :protocol https
                  :inherit t :depth treeless :ref
                  "41d675e9fedb90dba472debb275540858513b7e4"))
 (magit-section :source "elpaca-menu-lock-file" :recipe
                (:package "magit-section" :fetcher github :repo
                          "magit/magit" :files
                          ("lisp/magit-section.el"
                           "docs/magit-section.texi"
                           "magit-section-pkg.el")
                          :source "MELPA" :id magit-section :type git
                          :protocol https :inherit t :depth treeless
                          :ref
                          "41d675e9fedb90dba472debb275540858513b7e4"))
 (marginalia :source "elpaca-menu-lock-file" :recipe
             (:package "marginalia" :repo "minad/marginalia" :fetcher
                       github :files
                       ("*.el" "*.el.in" "dir" "*.info" "*.texi"
                        "*.texinfo" "doc/dir" "doc/*.info"
                        "doc/*.texi" "doc/*.texinfo" "lisp/*.el"
                        "docs/dir" "docs/*.info" "docs/*.texi"
                        "docs/*.texinfo"
                        (:exclude ".dir-locals.el" "test.el"
                                  "tests.el" "*-test.el" "*-tests.el"
                                  "LICENSE" "README*" "*-pkg.el"))
                       :source "MELPA" :id marginalia :type git
                       :protocol https :inherit t :depth treeless :ref
                       "4a0628dfdf944a5d307d31d2a514825cc5386986"))
 (multiple-cursors :source "elpaca-menu-lock-file" :recipe
                   (:package "multiple-cursors" :fetcher github :repo
                             "magnars/multiple-cursors.el" :files
                             ("*.el" "*.el.in" "dir" "*.info" "*.texi"
                              "*.texinfo" "doc/dir" "doc/*.info"
                              "doc/*.texi" "doc/*.texinfo" "lisp/*.el"
                              "docs/dir" "docs/*.info" "docs/*.texi"
                              "docs/*.texinfo"
                              (:exclude ".dir-locals.el" "test.el"
                                        "tests.el" "*-test.el"
                                        "*-tests.el" "LICENSE"
                                        "README*" "*-pkg.el"))
                             :source "MELPA" :id multiple-cursors
                             :type git :protocol https :inherit t
                             :depth treeless :ref
                             "94b8b07a4bab87f803123723b68227565429dfa1"))
 (orderless :source "elpaca-menu-lock-file" :recipe
            (:package "orderless" :repo "oantolin/orderless" :fetcher
                      github :files
                      ("*.el" "*.el.in" "dir" "*.info" "*.texi"
                       "*.texinfo" "doc/dir" "doc/*.info" "doc/*.texi"
                       "doc/*.texinfo" "lisp/*.el" "docs/dir"
                       "docs/*.info" "docs/*.texi" "docs/*.texinfo"
                       (:exclude ".dir-locals.el" "test.el" "tests.el"
                                 "*-test.el" "*-tests.el" "LICENSE"
                                 "README*" "*-pkg.el"))
                      :source "MELPA" :id orderless :type git
                      :protocol https :inherit t :depth treeless :ref
                      "3a2a32181f7a5bd7b633e40d89de771a5dd88cc7"))
 (paredit :source "elpaca-menu-lock-file" :recipe
          (:package "paredit" :fetcher git :url
                    "https://paredit.org/paredit.git" :files
                    ("*.el" "*.el.in" "dir" "*.info" "*.texi"
                     "*.texinfo" "doc/dir" "doc/*.info" "doc/*.texi"
                     "doc/*.texinfo" "lisp/*.el" "docs/dir"
                     "docs/*.info" "docs/*.texi" "docs/*.texinfo"
                     (:exclude ".dir-locals.el" "test.el" "tests.el"
                               "*-test.el" "*-tests.el" "LICENSE"
                               "README*" "*-pkg.el"))
                    :source "MELPA" :id paredit :type git :protocol
                    https :inherit t :depth treeless :ref
                    "af075775af91f2dbc63b915d762b4aec092946c4"))
 (parseclj :source "elpaca-menu-lock-file" :recipe
           (:package "parseclj" :repo "clojure-emacs/parseclj"
                     :fetcher github :files
                     ("*.el" "*.el.in" "dir" "*.info" "*.texi"
                      "*.texinfo" "doc/dir" "doc/*.info" "doc/*.texi"
                      "doc/*.texinfo" "lisp/*.el" "docs/dir"
                      "docs/*.info" "docs/*.texi" "docs/*.texinfo"
                      (:exclude ".dir-locals.el" "test.el" "tests.el"
                                "*-test.el" "*-tests.el" "LICENSE"
                                "README*" "*-pkg.el"))
                     :source "MELPA" :id parseclj :type git :protocol
                     https :inherit t :depth treeless :ref
                     "6af22372e0fe14df882dd300b22b12ba2d7e00b0"))
 (parseedn :source "elpaca-menu-lock-file" :recipe
           (:package "parseedn" :repo "clojure-emacs/parseedn"
                     :fetcher github :files
                     ("*.el" "*.el.in" "dir" "*.info" "*.texi"
                      "*.texinfo" "doc/dir" "doc/*.info" "doc/*.texi"
                      "doc/*.texinfo" "lisp/*.el" "docs/dir"
                      "docs/*.info" "docs/*.texi" "docs/*.texinfo"
                      (:exclude ".dir-locals.el" "test.el" "tests.el"
                                "*-test.el" "*-tests.el" "LICENSE"
                                "README*" "*-pkg.el"))
                     :source "MELPA" :id parseedn :type git :protocol
                     https :inherit t :depth treeless :ref
                     "3407e4530a367b6c2b857dae261cdbb67a440aaa"))
 (queue :source "elpaca-menu-lock-file" :recipe
        (:package "queue" :repo
                  ("https://github.com/emacsmirror/gnu_elpa" . "queue")
                  :tar "0.2" :host gnu :branch "externals/queue"
                  :files ("*" (:exclude ".git")) :source "GNU ELPA"
                  :id queue :type git :protocol https :inherit t
                  :depth treeless :ref
                  "f986fb68e75bdae951efb9e11a3012ab6bd408ee"))
 (rainbow-delimiters :source "elpaca-menu-lock-file" :recipe
                     (:package "rainbow-delimiters" :fetcher github
                               :repo "Fanael/rainbow-delimiters"
                               :files
                               ("*.el" "*.el.in" "dir" "*.info"
                                "*.texi" "*.texinfo" "doc/dir"
                                "doc/*.info" "doc/*.texi"
                                "doc/*.texinfo" "lisp/*.el" "docs/dir"
                                "docs/*.info" "docs/*.texi"
                                "docs/*.texinfo"
                                (:exclude ".dir-locals.el" "test.el"
                                          "tests.el" "*-test.el"
                                          "*-tests.el" "LICENSE"
                                          "README*" "*-pkg.el"))
                               :source "MELPA" :id rainbow-delimiters
                               :type git :protocol https :inherit t
                               :depth treeless :ref
                               "f40ece58df8b2f0fb6c8576b527755a552a5e763"))
 (sesman :source "elpaca-menu-lock-file" :recipe
         (:package "sesman" :repo "vspinu/sesman" :fetcher github
                   :files
                   ("*.el" "*.el.in" "dir" "*.info" "*.texi"
                    "*.texinfo" "doc/dir" "doc/*.info" "doc/*.texi"
                    "doc/*.texinfo" "lisp/*.el" "docs/dir"
                    "docs/*.info" "docs/*.texi" "docs/*.texinfo"
                    (:exclude ".dir-locals.el" "test.el" "tests.el"
                              "*-test.el" "*-tests.el" "LICENSE"
                              "README*" "*-pkg.el"))
                   :source "MELPA" :id sesman :type git :protocol
                   https :inherit t :depth treeless :ref
                   "7bca68dbbab0af26a6a23be1ff5fa97f9a18e022"))
 (smartparens :source "elpaca-menu-lock-file" :recipe
              (:package "smartparens" :fetcher github :repo
                        "Fuco1/smartparens" :files
                        ("*.el" "*.el.in" "dir" "*.info" "*.texi"
                         "*.texinfo" "doc/dir" "doc/*.info"
                         "doc/*.texi" "doc/*.texinfo" "lisp/*.el"
                         "docs/dir" "docs/*.info" "docs/*.texi"
                         "docs/*.texinfo"
                         (:exclude ".dir-locals.el" "test.el"
                                   "tests.el" "*-test.el" "*-tests.el"
                                   "LICENSE" "README*" "*-pkg.el"))
                        :source "MELPA" :id smartparens :type git
                        :protocol https :inherit t :depth treeless
                        :ref
                        "82d2cf084a19b0c2c3812e0550721f8a61996056"))
 (spinner :source "elpaca-menu-lock-file" :recipe
          (:package "spinner" :repo
                    ("https://github.com/Malabarba/spinner.el"
                     . "spinner")
                    :tar "1.7.4" :host gnu :files
                    ("*" (:exclude ".git")) :source "GNU ELPA" :id
                    spinner :type git :protocol https :inherit t
                    :depth treeless :ref
                    "d4647ae87fb0cd24bc9081a3d287c860ff061c21"))
 (transient :source "elpaca-menu-lock-file" :recipe
            (:package "transient" :fetcher github :repo
                      "magit/transient" :files
                      ("*.el" "*.el.in" "dir" "*.info" "*.texi"
                       "*.texinfo" "doc/dir" "doc/*.info" "doc/*.texi"
                       "doc/*.texinfo" "lisp/*.el" "docs/dir"
                       "docs/*.info" "docs/*.texi" "docs/*.texinfo"
                       (:exclude ".dir-locals.el" "test.el" "tests.el"
                                 "*-test.el" "*-tests.el" "LICENSE"
                                 "README*" "*-pkg.el"))
                      :source "MELPA" :id transient :type git
                      :protocol https :inherit t :depth treeless :ref
                      "6dfe4bb767431c97575f199f2e29e59913605cf1"))
 (vertico :source "elpaca-menu-lock-file" :recipe
          (:package "vertico" :repo "minad/vertico" :files
                    (:defaults "extensions/vertico-*.el") :fetcher
                    github :source "MELPA" :id vertico :type git
                    :protocol https :inherit t :depth treeless :ref
                    "e4338c5bae2c725be2940726be170bc034af3b6c"))
 (with-editor :source "elpaca-menu-lock-file"
   :recipe
   (:package "with-editor" :fetcher github :repo "magit/with-editor"
             :files
             ("*.el" "*.el.in" "dir" "*.info" "*.texi" "*.texinfo"
              "doc/dir" "doc/*.info" "doc/*.texi" "doc/*.texinfo"
              "lisp/*.el" "docs/dir" "docs/*.info" "docs/*.texi"
              "docs/*.texinfo"
              (:exclude ".dir-locals.el" "test.el" "tests.el"
                        "*-test.el" "*-tests.el" "LICENSE" "README*"
                        "*-pkg.el"))
             :source "MELPA" :id with-editor :type git :protocol https
             :inherit t :depth treeless :ref
             "14ea1d98337a47d899ee1860f96b7cbb1ef0e2a0"))
 (yasnippet :source "elpaca-menu-lock-file" :recipe
            (:package "yasnippet" :fetcher github :repo
                      "joaotavora/yasnippet" :files
                      (:defaults ("doc" "doc/*.org")) :source "MELPA"
                      :id yasnippet :type git :protocol https :inherit
                      t :depth treeless :ref
                      "c1e6ff23e9af16b856c88dfaab9d3ad7b746ad37")))
